// !$*UTF8*$!
{
	archiveVersion = 1;
	classes = {
	};
	objectVersion = 55;
	objects = {

/* Begin PBXBuildFile section */
		80422E7F289199E1008F214C /* MyAIAssistantApp.swift in Sources */ = {isa = PBXBuildFile; fileRef = 80422E7E289199E1008F214C /* MyAIAssistantApp.swift */; };
		80422E81289199E1008F214C /* ContentView.swift in Sources */ = {isa = PBXBuildFile; fileRef = 80422E80289199E1008F214C /* ContentView.swift */; };
		80422E83289199E8008F214C /* Assets.xcassets in Resources */ = {isa = PBXBuildFile; fileRef = 80422E82289199E8008F214C /* Assets.xcassets */; };
		80422E86289199E8008F214C /* Preview Assets.xcassets in Resources */ = {isa = PBXBuildFile; fileRef = 80422E85289199E8008F214C /* Preview Assets.xcassets */; };
		8090975E289292050041C3B1 /* MessageTextField.swift in Sources */ = {isa = PBXBuildFile; fileRef = 8090975D289292050041C3B1 /* MessageTextField.swift */; };
		809097602892985D0041C3B1 /* UserMessageBubble.swift in Sources */ = {isa = PBXBuildFile; fileRef = 8090975F2892985D0041C3B1 /* UserMessageBubble.swift */; };
		8090976328929AE90041C3B1 /* Message.swift in Sources */ = {isa = PBXBuildFile; fileRef = 8090976228929AE90041C3B1 /* Message.swift */; };
		80A081CB2895A437000C75EB /* DictionaryAPI.swift in Sources */ = {isa = PBXBuildFile; fileRef = 80A081CA2895A436000C75EB /* DictionaryAPI.swift */; };
		80F4C6AF2893094C00130C11 /* Response.swift in Sources */ = {isa = PBXBuildFile; fileRef = 80F4C6AE2893094C00130C11 /* Response.swift */; };
		80F4C6B128934D6F00130C11 /* WeatherManager.swift in Sources */ = {isa = PBXBuildFile; fileRef = 80F4C6B028934D6E00130C11 /* WeatherManager.swift */; };
		80F4C6B52893503B00130C11 /* LocationManager.swift in Sources */ = {isa = PBXBuildFile; fileRef = 80F4C6B42893503B00130C11 /* LocationManager.swift */; };
		80F60609289A429C0025669E /* WikiSearch.swift in Sources */ = {isa = PBXBuildFile; fileRef = 80F60608289A429C0025669E /* WikiSearch.swift */; };
/* End PBXBuildFile section */

/* Begin PBXFileReference section */
		80422E7B289199E1008F214C /* MyAIAssistant.app */ = {isa = PBXFileReference; explicitFileType = wrapper.application; includeInIndex = 0; path = MyAIAssistant.app; sourceTree = BUILT_PRODUCTS_DIR; };
		80422E7E289199E1008F214C /* MyAIAssistantApp.swift */ = {isa = PBXFileReference; lastKnownFileType = sourcecode.swift; path = MyAIAssistantApp.swift; sourceTree = "<group>"; };
		80422E80289199E1008F214C /* ContentView.swift */ = {isa = PBXFileReference; lastKnownFileType = sourcecode.swift; path = ContentView.swift; sourceTree = "<group>"; };
		80422E82289199E8008F214C /* Assets.xcassets */ = {isa = PBXFileReference; lastKnownFileType = folder.assetcatalog; path = Assets.xcassets; sourceTree = "<group>"; };
		80422E85289199E8008F214C /* Preview Assets.xcassets */ = {isa = PBXFileReference; lastKnownFileType = folder.assetcatalog; path = "Preview Assets.xcassets"; sourceTree = "<group>"; };
		8090975D289292050041C3B1 /* MessageTextField.swift */ = {isa = PBXFileReference; lastKnownFileType = sourcecode.swift; path = MessageTextField.swift; sourceTree = "<group>"; };
		8090975F2892985D0041C3B1 /* UserMessageBubble.swift */ = {isa = PBXFileReference; lastKnownFileType = sourcecode.swift; path = UserMessageBubble.swift; sourceTree = "<group>"; };
		8090976228929AE90041C3B1 /* Message.swift */ = {isa = PBXFileReference; lastKnownFileType = sourcecode.swift; path = Message.swift; sourceTree = "<group>"; };
		80A081CA2895A436000C75EB /* DictionaryAPI.swift */ = {isa = PBXFileReference; lastKnownFileType = sourcecode.swift; path = DictionaryAPI.swift; sourceTree = "<group>"; };
		80F4C6AE2893094C00130C11 /* Response.swift */ = {isa = PBXFileReference; lastKnownFileType = sourcecode.swift; path = Response.swift; sourceTree = "<group>"; };
		80F4C6B028934D6E00130C11 /* WeatherManager.swift */ = {isa = PBXFileReference; lastKnownFileType = sourcecode.swift; path = WeatherManager.swift; sourceTree = "<group>"; };
		80F4C6B42893503B00130C11 /* LocationManager.swift */ = {isa = PBXFileReference; lastKnownFileType = sourcecode.swift; path = LocationManager.swift; sourceTree = "<group>"; };
		80F60608289A429C0025669E /* WikiSearch.swift */ = {isa = PBXFileReference; lastKnownFileType = sourcecode.swift; path = WikiSearch.swift; sourceTree = "<group>"; };
/* End PBXFileReference section */

/* Begin PBXFrameworksBuildPhase section */
		80422E78289199E1008F214C /* Frameworks */ = {
			isa = PBXFrameworksBuildPhase;
			buildActionMask = 2147483647;
			files = (
			);
			runOnlyForDeploymentPostprocessing = 0;
		};
/* End PBXFrameworksBuildPhase section */

/* Begin PBXGroup section */
		80422E72289199E1008F214C = {
			isa = PBXGroup;
			children = (
				80422E7D289199E1008F214C /* MyAIAssistant */,
				80422E7C289199E1008F214C /* Products */,
			);
			sourceTree = "<group>";
		};
		80422E7C289199E1008F214C /* Products */ = {
			isa = PBXGroup;
			children = (
				80422E7B289199E1008F214C /* MyAIAssistant.app */,
			);
			name = Products;
			sourceTree = "<group>";
		};
		80422E7D289199E1008F214C /* MyAIAssistant */ = {
			isa = PBXGroup;
			children = (
				80F4C6B32893502C00130C11 /* Managers */,
				80F4C6AD2893092B00130C11 /* AI */,
				80422E7E289199E1008F214C /* MyAIAssistantApp.swift */,
				80422E80289199E1008F214C /* ContentView.swift */,
				8090976128929AD60041C3B1 /* Models */,
				8090975C289291A60041C3B1 /* Components */,
				80422E82289199E8008F214C /* Assets.xcassets */,
				80422E84289199E8008F214C /* Preview Content */,
			);
			path = MyAIAssistant;
			sourceTree = "<group>";
		};
		80422E84289199E8008F214C /* Preview Content */ = {
			isa = PBXGroup;
			children = (
				80422E85289199E8008F214C /* Preview Assets.xcassets */,
			);
			path = "Preview Content";
			sourceTree = "<group>";
		};
		8090975C289291A60041C3B1 /* Components */ = {
			isa = PBXGroup;
			children = (
				8090975D289292050041C3B1 /* MessageTextField.swift */,
				8090975F2892985D0041C3B1 /* UserMessageBubble.swift */,
			);
			path = Components;
			sourceTree = "<group>";
		};
		8090976128929AD60041C3B1 /* Models */ = {
			isa = PBXGroup;
			children = (
				8090976228929AE90041C3B1 /* Message.swift */,
			);
			path = Models;
			sourceTree = "<group>";
		};
		80F4C6AD2893092B00130C11 /* AI */ = {
			isa = PBXGroup;
			children = (
				80F4C6AE2893094C00130C11 /* Response.swift */,
				80F4C6B228934FA000130C11 /* API */,
			);
			path = AI;
			sourceTree = "<group>";
		};
		80F4C6B228934FA000130C11 /* API */ = {
			isa = PBXGroup;
			children = (
				80F4C6B028934D6E00130C11 /* WeatherManager.swift */,
				80A081CA2895A436000C75EB /* DictionaryAPI.swift */,
				80F60608289A429C0025669E /* WikiSearch.swift */,
			);
			path = API;
			sourceTree = "<group>";
		};
		80F4C6B32893502C00130C11 /* Managers */ = {
			isa = PBXGroup;
			children = (
				80F4C6B42893503B00130C11 /* LocationManager.swift */,
			);
			path = Managers;
			sourceTree = "<group>";
		};
/* End PBXGroup section */

/* Begin PBXNativeTarget section */
		80422E7A289199E1008F214C /* MyAIAssistant */ = {
			isa = PBXNativeTarget;
			buildConfigurationList = 80422E89289199E8008F214C /* Build configuration list for PBXNativeTarget "MyAIAssistant" */;
			buildPhases = (
				80422E77289199E1008F214C /* Sources */,
				80422E78289199E1008F214C /* Frameworks */,
				80422E79289199E1008F214C /* Resources */,
			);
			buildRules = (
			);
			dependencies = (
			);
			name = MyAIAssistant;
			productName = MyAIAssistant;
			productReference = 80422E7B289199E1008F214C /* MyAIAssistant.app */;
			productType = "com.apple.product-type.application";
		};
/* End PBXNativeTarget section */

/* Begin PBXProject section */
		80422E73289199E1008F214C /* Project object */ = {
			isa = PBXProject;
			attributes = {
				BuildIndependentTargetsInParallel = 1;
				LastSwiftUpdateCheck = 1340;
				LastUpgradeCheck = 1340;
				TargetAttributes = {
					80422E7A289199E1008F214C = {
						CreatedOnToolsVersion = 13.4.1;
					};
				};
			};
			buildConfigurationList = 80422E76289199E1008F214C /* Build configuration list for PBXProject "MyAIAssistant" */;
			compatibilityVersion = "Xcode 13.0";
			developmentRegion = en;
			hasScannedForEncodings = 0;
			knownRegions = (
				en,
				Base,
			);
			mainGroup = 80422E72289199E1008F214C;
			productRefGroup = 80422E7C289199E1008F214C /* Products */;
			projectDirPath = "";
			projectRoot = "";
			targets = (
				80422E7A289199E1008F214C /* MyAIAssistant */,
			);
		};
/* End PBXProject section */

/* Begin PBXResourcesBuildPhase section */
		80422E79289199E1008F214C /* Resources */ = {
			isa = PBXResourcesBuildPhase;
			buildActionMask = 2147483647;
			files = (
				80422E86289199E8008F214C /* Preview Assets.xcassets in Resources */,
				80422E83289199E8008F214C /* Assets.xcassets in Resources */,
			);
			runOnlyForDeploymentPostprocessing = 0;
		};
/* End PBXResourcesBuildPhase section */

/* Begin PBXSourcesBuildPhase section */
		80422E77289199E1008F214C /* Sources */ = {
			isa = PBXSourcesBuildPhase;
			buildActionMask = 2147483647;
			files = (
				8090975E289292050041C3B1 /* MessageTextField.swift in Sources */,
				80F4C6B128934D6F00130C11 /* WeatherManager.swift in Sources */,
				80422E81289199E1008F214C /* ContentView.swift in Sources */,
				8090976328929AE90041C3B1 /* Message.swift in Sources */,
				80F4C6B52893503B00130C11 /* LocationManager.swift in Sources */,
				80A081CB2895A437000C75EB /* DictionaryAPI.swift in Sources */,
				80F60609289A429C0025669E /* WikiSearch.swift in Sources */,
				80422E7F289199E1008F214C /* MyAIAssistantApp.swift in Sources */,
				80F4C6AF2893094C00130C11 /* Response.swift in Sources */,
				809097602892985D0041C3B1 /* UserMessageBubble.swift in Sources */,
			);
			runOnlyForDeploymentPostprocessing = 0;
		};
/* End PBXSourcesBuildPhase section */

/* Begin XCBuildConfiguration section */
		80422E87289199E8008F214C /* Debug */ = {
			isa = XCBuildConfiguration;
			buildSettings = {
				ALWAYS_SEARCH_USER_PATHS = NO;
				CLANG_ANALYZER_NONNULL = YES;
				CLANG_ANALYZER_NUMBER_OBJECT_CONVERSION = YES_AGGRESSIVE;
				CLANG_CXX_LANGUAGE_STANDARD = "gnu++17";
				CLANG_ENABLE_MODULES = YES;
				CLANG_ENABLE_OBJC_ARC = YES;
				CLANG_ENABLE_OBJC_WEAK = YES;
				CLANG_WARN_BLOCK_CAPTURE_AUTORELEASING = YES;
				CLANG_WARN_BOOL_CONVERSION = YES;
				CLANG_WARN_COMMA = YES;
				CLANG_WARN_CONSTANT_CONVERSION = YES;
				CLANG_WARN_DEPRECATED_OBJC_IMPLEMENTATIONS = YES;
				CLANG_WARN_DIRECT_OBJC_ISA_USAGE = YES_ERROR;
				CLANG_WARN_DOCUMENTATION_COMMENTS = YES;
				CLANG_WARN_EMPTY_BODY = YES;
				CLANG_WARN_ENUM_CONVERSION = YES;
				CLANG_WARN_INFINITE_RECURSION = YES;
				CLANG_WARN_INT_CONVERSION = YES;
				CLANG_WARN_NON_LITERAL_NULL_CONVERSION = YES;
				CLANG_WARN_OBJC_IMPLICIT_RETAIN_SELF = YES;
				CLANG_WARN_OBJC_LITERAL_CONVERSION = YES;
				CLANG_WARN_OBJC_ROOT_CLASS = YES_ERROR;
				CLANG_WARN_QUOTED_INCLUDE_IN_FRAMEWORK_HEADER = YES;
				CLANG_WARN_RANGE_LOOP_ANALYSIS = YES;
				CLANG_WARN_STRICT_PROTOTYPES = YES;
				CLANG_WARN_SUSPICIOUS_MOVE = YES;
				CLANG_WARN_UNGUARDED_AVAILABILITY = YES_AGGRESSIVE;
				CLANG_WARN_UNREACHABLE_CODE = YES;
				CLANG_WARN__DUPLICATE_METHOD_MATCH = YES;
				COPY_PHASE_STRIP = NO;
				DEBUG_INFORMATION_FORMAT = dwarf;
				ENABLE_STRICT_OBJC_MSGSEND = YES;
				ENABLE_TESTABILITY = YES;
				GCC_C_LANGUAGE_STANDARD = gnu11;
				GCC_DYNAMIC_NO_PIC = NO;
				GCC_NO_COMMON_BLOCKS = YES;
				GCC_OPTIMIZATION_LEVEL = 0;
				GCC_PREPROCESSOR_DEFINITIONS = (
					"DEBUG=1",
					"$(inherited)",
				);
				GCC_WARN_64_TO_32_BIT_CONVERSION = YES;
				GCC_WARN_ABOUT_RETURN_TYPE = YES_ERROR;
				GCC_WARN_UNDECLARED_SELECTOR = YES;
				GCC_WARN_UNINITIALIZED_AUTOS = YES_AGGRESSIVE;
				GCC_WARN_UNUSED_FUNCTION = YES;
				GCC_WARN_UNUSED_VARIABLE = YES;
				IPHONEOS_DEPLOYMENT_TARGET = 15.5;
				MTL_ENABLE_DEBUG_INFO = INCLUDE_SOURCE;
				MTL_FAST_MATH = YES;
				ONLY_ACTIVE_ARCH = YES;
				SDKROOT = iphoneos;
				SWIFT_ACTIVE_COMPILATION_CONDITIONS = DEBUG;
				SWIFT_OPTIMIZATION_LEVEL = "-Onone";
			};
			name = Debug;
		};
		80422E88289199E8008F214C /* Release */ = {
			isa = XCBuildConfiguration;
			buildSettings = {
				ALWAYS_SEARCH_USER_PATHS = NO;
				CLANG_ANALYZER_NONNULL = YES;
				CLANG_ANALYZER_NUMBER_OBJECT_CONVERSION = YES_AGGRESSIVE;
				CLANG_CXX_LANGUAGE_STANDARD = "gnu++17";
				CLANG_ENABLE_MODULES = YES;
				CLANG_ENABLE_OBJC_ARC = YES;
				CLANG_ENABLE_OBJC_WEAK = YES;
				CLANG_WARN_BLOCK_CAPTURE_AUTORELEASING = YES;
				CLANG_WARN_BOOL_CONVERSION = YES;
				CLANG_WARN_COMMA = YES;
				CLANG_WARN_CONSTANT_CONVERSION = YES;
				CLANG_WARN_DEPRECATED_OBJC_IMPLEMENTATIONS = YES;
				CLANG_WARN_DIRECT_OBJC_ISA_USAGE = YES_ERROR;
				CLANG_WARN_DOCUMENTATION_COMMENTS = YES;
				CLANG_WARN_EMPTY_BODY = YES;
				CLANG_WARN_ENUM_CONVERSION = YES;
				CLANG_WARN_INFINITE_RECURSION = YES;
				CLANG_WARN_INT_CONVERSION = YES;
				CLANG_WARN_NON_LITERAL_NULL_CONVERSION = YES;
				CLANG_WARN_OBJC_IMPLICIT_RETAIN_SELF = YES;
				CLANG_WARN_OBJC_LITERAL_CONVERSION = YES;
				CLANG_WARN_OBJC_ROOT_CLASS = YES_ERROR;
				CLANG_WARN_QUOTED_INCLUDE_IN_FRAMEWORK_HEADER = YES;
				CLANG_WARN_RANGE_LOOP_ANALYSIS = YES;
				CLANG_WARN_STRICT_PROTOTYPES = YES;
				CLANG_WARN_SUSPICIOUS_MOVE = YES;
				CLANG_WARN_UNGUARDED_AVAILABILITY = YES_AGGRESSIVE;
				CLANG_WARN_UNREACHABLE_CODE = YES;
				CLANG_WARN__DUPLICATE_METHOD_MATCH = YES;
				COPY_PHASE_STRIP = NO;
				DEBUG_INFORMATION_FORMAT = "dwarf-with-dsym";
				ENABLE_NS_ASSERTIONS = NO;
				ENABLE_STRICT_OBJC_MSGSEND = YES;
				GCC_C_LANGUAGE_STANDARD = gnu11;
				GCC_NO_COMMON_BLOCKS = YES;
				GCC_WARN_64_TO_32_BIT_CONVERSION = YES;
				GCC_WARN_ABOUT_RETURN_TYPE = YES_ERROR;
				GCC_WARN_UNDECLARED_SELECTOR = YES;
				GCC_WARN_UNINITIALIZED_AUTOS = YES_AGGRESSIVE;
				GCC_WARN_UNUSED_FUNCTION = YES;
				GCC_WARN_UNUSED_VARIABLE = YES;
				IPHONEOS_DEPLOYMENT_TARGET = 15.5;
				MTL_ENABLE_DEBUG_INFO = NO;
				MTL_FAST_MATH = YES;
				SDKROOT = iphoneos;
				SWIFT_COMPILATION_MODE = wholemodule;
				SWIFT_OPTIMIZATION_LEVEL = "-O";
				VALIDATE_PRODUCT = YES;
			};
			name = Release;
		};
		80422E8A289199E8008F214C /* Debug */ = {
			isa = XCBuildConfiguration;
			buildSettings = {
				ASSETCATALOG_COMPILER_APPICON_NAME = AppIcon;
				ASSETCATALOG_COMPILER_GLOBAL_ACCENT_COLOR_NAME = AccentColor;
				CODE_SIGN_STYLE = Automatic;
				CURRENT_PROJECT_VERSION = 1;
				DEVELOPMENT_ASSET_PATHS = "\"MyAIAssistant/Preview Content\"";
				DEVELOPMENT_TEAM = PVXU599K2W;
				ENABLE_PREVIEWS = YES;
				GENERATE_INFOPLIST_FILE = YES;
				INFOPLIST_KEY_NSLocationAlwaysAndWhenInUseUsageDescription = "MyAssistant wants to access your location";
				INFOPLIST_KEY_NSLocationWhenInUseUsageDescription = "MyAssistant wants to access your location";
				INFOPLIST_KEY_UIApplicationSceneManifest_Generation = YES;
				INFOPLIST_KEY_UIApplicationSupportsIndirectInputEvents = YES;
				INFOPLIST_KEY_UILaunchScreen_Generation = YES;
				INFOPLIST_KEY_UISupportedInterfaceOrientations_iPad = "UIInterfaceOrientationPortrait UIInterfaceOrientationPortraitUpsideDown UIInterfaceOrientationLandscapeLeft UIInterfaceOrientationLandscapeRight";
				INFOPLIST_KEY_UISupportedInterfaceOrientations_iPhone = "UIInterfaceOrientationPortrait UIInterfaceOrientationLandscapeLeft UIInterfaceOrientationLandscapeRight";
				LD_RUNPATH_SEARCH_PATHS = (
					"$(inherited)",
					"@executable_path/Frameworks",
				);
				MARKETING_VERSION = 1.0;
				PRODUCT_BUNDLE_IDENTIFIER = "Nusret-Ali-Kizilaslan.MyAIAssistant";
				PRODUCT_NAME = "$(TARGET_NAME)";
				SWIFT_EMIT_LOC_STRINGS = YES;
				SWIFT_VERSION = 5.0;
				TARGETED_DEVICE_FAMILY = "1,2";
			};
			name = Debug;
		};
		80422E8B289199E8008F214C /* Release */ = {
			isa = XCBuildConfiguration;
			buildSettings = {
				ASSETCATALOG_COMPILER_APPICON_NAME = AppIcon;
				ASSETCATALOG_COMPILER_GLOBAL_ACCENT_COLOR_NAME = AccentColor;
				CODE_SIGN_STYLE = Automatic;
				CURRENT_PROJECT_VERSION = 1;
				DEVELOPMENT_ASSET_PATHS = "\"MyAIAssistant/Preview Content\"";
				DEVELOPMENT_TEAM = PVXU599K2W;
				ENABLE_PREVIEWS = YES;
				GENERATE_INFOPLIST_FILE = YES;
				INFOPLIST_KEY_NSLocationAlwaysAndWhenInUseUsageDescription = "MyAssistant wants to access your location";
				INFOPLIST_KEY_NSLocationWhenInUseUsageDescription = "MyAssistant wants to access your location";
				INFOPLIST_KEY_UIApplicationSceneManifest_Generation = YES;
				INFOPLIST_KEY_UIApplicationSupportsIndirectInputEvents = YES;
				INFOPLIST_KEY_UILaunchScreen_Generation = YES;
				INFOPLIST_KEY_UISupportedInterfaceOrientations_iPad = "UIInterfaceOrientationPortrait UIInterfaceOrientationPortraitUpsideDown UIInterfaceOrientationLandscapeLeft UIInterfaceOrientationLandscapeRight";
				INFOPLIST_KEY_UISupportedInterfaceOrientations_iPhone = "UIInterfaceOrientationPortrait UIInterfaceOrientationLandscapeLeft UIInterfaceOrientationLandscapeRight";
				LD_RUNPATH_SEARCH_PATHS = (
					"$(inherited)",
					"@executable_path/Frameworks",
				);
				MARKETING_VERSION = 1.0;
				PRODUCT_BUNDLE_IDENTIFIER = "Nusret-Ali-Kizilaslan.MyAIAssistant";
				PRODUCT_NAME = "$(TARGET_NAME)";
				SWIFT_EMIT_LOC_STRINGS = YES;
				SWIFT_VERSION = 5.0;
				TARGETED_DEVICE_FAMILY = "1,2";
			};
			name = Release;
		};
/* End XCBuildConfiguration section */

/* Begin XCConfigurationList section */
		80422E76289199E1008F214C /* Build configuration list for PBXProject "MyAIAssistant" */ = {
			isa = XCConfigurationList;
			buildConfigurations = (
				80422E87289199E8008F214C /* Debug */,
				80422E88289199E8008F214C /* Release */,
			);
			defaultConfigurationIsVisible = 0;
			defaultConfigurationName = Release;
		};
		80422E89289199E8008F214C /* Build configuration list for PBXNativeTarget "MyAIAssistant" */ = {
			isa = XCConfigurationList;
			buildConfigurations = (
				80422E8A289199E8008F214C /* Debug */,
				80422E8B289199E8008F214C /* Release */,
			);
			defaultConfigurationIsVisible = 0;
			defaultConfigurationName = Release;
		};
/* End XCConfigurationList section */
	};
	rootObject = 80422E73289199E1008F214C /* Project object */;
}
